<?xml version="1.0" encoding="utf-8"?>
<Project ToolsVersion="4.0" xmlns="http://schemas.microsoft.com/developer/msbuild/2003">
  <ItemGroup>
    <Filter Include="Source Files">
      <UniqueIdentifier>{4FC737F1-C7A5-4376-A066-2A32D752A2FF}</UniqueIdentifier>
      <Extensions>cpp;c;cc;cxx;def;odl;idl;hpj;bat;asm;asmx</Extensions>
    </Filter>
    <Filter Include="Header Files">
      <UniqueIdentifier>{93995380-89BD-4b04-88EB-625FBE52EBFB}</UniqueIdentifier>
      <Extensions>h;hh;hpp;hxx;hm;inl;inc;xsd</Extensions>
    </Filter>
    <Filter Include="Resource Files">
      <UniqueIdentifier>{67DA6AB6-F800-4c08-8B7A-83BB121AAD01}</UniqueIdentifier>
      <Extensions>rc;ico;cur;bmp;dlg;rc2;rct;bin;rgs;gif;jpg;jpeg;jpe;resx;tiff;tif;png;wav;mfcribbon-ms</Extensions>
    </Filter>
    <Filter Include="Header Files\Card Ranks">
      <UniqueIdentifier>{06165390-4b81-4a61-a6e8-3a94cca11f22}</UniqueIdentifier>
    </Filter>
    <Filter Include="Source Files\Card Ranks">
      <UniqueIdentifier>{e9cdcc5d-d9ba-47e8-8add-684942faaa8a}</UniqueIdentifier>
    </Filter>
    <Filter Include="Header Files\Players">
      <UniqueIdentifier>{1885524d-1b66-4e76-81a8-7e90871a367f}</UniqueIdentifier>
    </Filter>
    <Filter Include="Source Files\Players">
      <UniqueIdentifier>{98b7dcef-758f-492e-9ae7-1c0143c83e25}</UniqueIdentifier>
    </Filter>
  </ItemGroup>
  <ItemGroup>
    <ClCompile Include="Makao.cpp">
      <Filter>Source Files</Filter>
    </ClCompile>
    <ClCompile Include="Deck.cpp">
      <Filter>Source Files</Filter>
    </ClCompile>
    <ClCompile Include="Stack.cpp">
      <Filter>Source Files</Filter>
    </ClCompile>
    <ClCompile Include="Validity.cpp">
      <Filter>Source Files</Filter>
    </ClCompile>
    <ClCompile Include="Three.cpp">
      <Filter>Source Files\Card Ranks</Filter>
    </ClCompile>
    <ClCompile Include="Two.cpp">
      <Filter>Source Files\Card Ranks</Filter>
    </ClCompile>
    <ClCompile Include="Four.cpp">
      <Filter>Source Files\Card Ranks</Filter>
    </ClCompile>
    <ClCompile Include="Ace.cpp">
      <Filter>Source Files\Card Ranks</Filter>
    </ClCompile>
    <ClCompile Include="Valet.cpp">
      <Filter>Source Files\Card Ranks</Filter>
    </ClCompile>
    <ClCompile Include="King.cpp">
      <Filter>Source Files\Card Ranks</Filter>
    </ClCompile>
    <ClCompile Include="Game.cpp">
      <Filter>Source Files</Filter>
    </ClCompile>
    <ClCompile Include="Player.cpp">
      <Filter>Source Files\Players</Filter>
    </ClCompile>
    <ClCompile Include="Card.cpp">
      <Filter>Source Files\Card Ranks</Filter>
    </ClCompile>
    <ClCompile Include="Supa_Player.cpp">
      <Filter>Source Files\Players</Filter>
    </ClCompile>
    <ClCompile Include="BasicBDiamondDBot.cpp">
      <Filter>Source Files\Players</Filter>
    </ClCompile>
  </ItemGroup>
  <ItemGroup>
    <ClInclude Include="Deck.h">
      <Filter>Header Files</Filter>
    </ClInclude>
    <ClInclude Include="Stack.h">
      <Filter>Header Files</Filter>
    </ClInclude>
    <ClInclude Include="Validity.h">
      <Filter>Header Files</Filter>
    </ClInclude>
    <ClInclude Include="Cards.h">
      <Filter>Header Files</Filter>
    </ClInclude>
    <ClInclude Include="Ace.h">
      <Filter>Header Files\Card Ranks</Filter>
    </ClInclude>
    <ClInclude Include="Three.h">
      <Filter>Header Files\Card Ranks</Filter>
    </ClInclude>
    <ClInclude Include="Two.h">
      <Filter>Header Files\Card Ranks</Filter>
    </ClInclude>
    <ClInclude Include="Four.h">
      <Filter>Header Files\Card Ranks</Filter>
    </ClInclude>
    <ClInclude Include="Valet.h">
      <Filter>Header Files\Card Ranks</Filter>
    </ClInclude>
    <ClInclude Include="King.h">
      <Filter>Header Files\Card Ranks</Filter>
    </ClInclude>
    <ClInclude Include="FunctionalCards.h">
      <Filter>Header Files\Card Ranks</Filter>
    </ClInclude>
    <ClInclude Include="Game.h">
      <Filter>Header Files</Filter>
    </ClInclude>
    <ClInclude Include="Player.h">
      <Filter>Header Files\Players</Filter>
    </ClInclude>
    <ClInclude Include="Card.h">
      <Filter>Header Files\Card Ranks</Filter>
    </ClInclude>
    <ClInclude Include="Supa_Player.h">
      <Filter>Header Files\Players</Filter>
    </ClInclude>
    <ClInclude Include="BasicBDiamondDBot.h">
      <Filter>Header Files\Players</Filter>
    </ClInclude>
  </ItemGroup>
</Project>