<?xml version="1.0" encoding="utf-8"?>
<Project ToolsVersion="4.0" xmlns="http://schemas.microsoft.com/developer/msbuild/2003">
  <ItemGroup>
    <Filter Include="Source Files">
      <UniqueIdentifier>{4FC737F1-C7A5-4376-A066-2A32D752A2FF}</UniqueIdentifier>
      <Extensions>cpp;c;cc;cxx;def;odl;idl;hpj;bat;asm;asmx</Extensions>
    </Filter>
    <Filter Include="Header Files">
      <UniqueIdentifier>{93995380-89BD-4b04-88EB-625FBE52EBFB}</UniqueIdentifier>
      <Extensions>h;hh;hpp;hxx;hm;inl;inc;xsd</Extensions>
    </Filter>
    <Filter Include="Resource Files">
      <UniqueIdentifier>{67DA6AB6-F800-4c08-8B7A-83BB121AAD01}</UniqueIdentifier>
      <Extensions>rc;ico;cur;bmp;dlg;rc2;rct;bin;rgs;gif;jpg;jpeg;jpe;resx;tiff;tif;png;wav;mfcribbon-ms</Extensions>
    </Filter>
    <Filter Include="Header Files\Card Ranks">
      <UniqueIdentifier>{06165390-4b81-4a61-a6e8-3a94cca11f22}</UniqueIdentifier>
    </Filter>
    <Filter Include="Source Files\Card Ranks">
      <UniqueIdentifier>{e9cdcc5d-d9ba-47e8-8add-684942faaa8a}</UniqueIdentifier>
    </Filter>
    <Filter Include="Header Files\Players">
      <UniqueIdentifier>{1885524d-1b66-4e76-81a8-7e90871a367f}</UniqueIdentifier>
    </Filter>
    <Filter Include="Source Files\Players">
      <UniqueIdentifier>{98b7dcef-758f-492e-9ae7-1c0143c83e25}</UniqueIdentifier>
    </Filter>
    <Filter Include="Source Files\Helpers">
      <UniqueIdentifier>{ce8e9923-9411-47f2-bd49-2e8697b2b5cd}</UniqueIdentifier>
    </Filter>
    <Filter Include="Header Files\Helpers">
      <UniqueIdentifier>{656f5496-51e1-43d1-8a4a-88e3f85c8c7b}</UniqueIdentifier>
    </Filter>
  </ItemGroup>
  <ItemGroup>
    <ClCompile Include="Makao.cpp">
      <Filter>Source Files</Filter>
    </ClCompile>
    <ClCompile Include="Deck.cpp">
      <Filter>Source Files</Filter>
    </ClCompile>
    <ClCompile Include="Stack.cpp">
      <Filter>Source Files</Filter>
    </ClCompile>
    <ClCompile Include="Game.cpp">
      <Filter>Source Files</Filter>
    </ClCompile>
    <ClCompile Include="Players\AgaBot.cpp">
      <Filter>Source Files\Players</Filter>
    </ClCompile>
    <ClCompile Include="Players\BasicBDiamondDBot.cpp">
      <Filter>Source Files\Players</Filter>
    </ClCompile>
    <ClCompile Include="Players\Supa_Player.cpp">
      <Filter>Source Files\Players</Filter>
    </ClCompile>
    <ClCompile Include="Players\Player.cpp">
      <Filter>Source Files\Players</Filter>
    </ClCompile>
    <ClCompile Include="Helpers\FYShuffle.cpp">
      <Filter>Source Files\Helpers</Filter>
    </ClCompile>
    <ClCompile Include="Helpers\WindowsBenchmarking.cpp">
      <Filter>Source Files\Helpers</Filter>
    </ClCompile>
    <ClCompile Include="Helpers\Validity.cpp">
      <Filter>Source Files\Helpers</Filter>
    </ClCompile>
    <ClCompile Include="Helpers\FileHandler.cpp">
      <Filter>Source Files\Helpers</Filter>
    </ClCompile>
    <ClCompile Include="CardRanks\Ace.cpp">
      <Filter>Source Files\Card Ranks</Filter>
    </ClCompile>
    <ClCompile Include="CardRanks\Card.cpp">
      <Filter>Source Files\Card Ranks</Filter>
    </ClCompile>
    <ClCompile Include="CardRanks\Four.cpp">
      <Filter>Source Files\Card Ranks</Filter>
    </ClCompile>
    <ClCompile Include="CardRanks\King.cpp">
      <Filter>Source Files\Card Ranks</Filter>
    </ClCompile>
    <ClCompile Include="CardRanks\Three.cpp">
      <Filter>Source Files\Card Ranks</Filter>
    </ClCompile>
    <ClCompile Include="CardRanks\Two.cpp">
      <Filter>Source Files\Card Ranks</Filter>
    </ClCompile>
    <ClCompile Include="CardRanks\Valet.cpp">
      <Filter>Source Files\Card Ranks</Filter>
    </ClCompile>
    <ClCompile Include="Players\PlayerInfo.cpp">
      <Filter>Source Files\Players</Filter>
    </ClCompile>
    <ClCompile Include="Helpers\CardToString.cpp">
      <Filter>Source Files</Filter>
    </ClCompile>
  </ItemGroup>
  <ItemGroup>
    <ClInclude Include="Deck.h">
      <Filter>Header Files</Filter>
    </ClInclude>
    <ClInclude Include="Stack.h">
      <Filter>Header Files</Filter>
    </ClInclude>
    <ClInclude Include="Cards.h">
      <Filter>Header Files</Filter>
    </ClInclude>
    <ClInclude Include="Game.h">
      <Filter>Header Files</Filter>
    </ClInclude>
    <ClInclude Include="Players\AgaBot.h">
      <Filter>Header Files\Players</Filter>
    </ClInclude>
    <ClInclude Include="Players\BasicBDiamondDBot.h">
      <Filter>Header Files\Players</Filter>
    </ClInclude>
    <ClInclude Include="CardRanks\Ace.h">
      <Filter>Header Files\Card Ranks</Filter>
    </ClInclude>
    <ClInclude Include="CardRanks\Card.h">
      <Filter>Header Files\Card Ranks</Filter>
    </ClInclude>
    <ClInclude Include="Helpers\FileHandler.h">
      <Filter>Header Files\Helpers</Filter>
    </ClInclude>
    <ClInclude Include="CardRanks\FunctionalCards.h">
      <Filter>Header Files\Card Ranks</Filter>
    </ClInclude>
    <ClInclude Include="Helpers\FYShuffle.h">
      <Filter>Header Files\Helpers</Filter>
    </ClInclude>
    <ClInclude Include="CardRanks\King.h">
      <Filter>Header Files\Card Ranks</Filter>
    </ClInclude>
    <ClInclude Include="CardRanks\Four.h">
      <Filter>Header Files\Card Ranks</Filter>
    </ClInclude>
    <ClInclude Include="Players\Supa_Player.h">
      <Filter>Header Files\Players</Filter>
    </ClInclude>
    <ClInclude Include="CardRanks\Three.h">
      <Filter>Header Files\Card Ranks</Filter>
    </ClInclude>
    <ClInclude Include="CardRanks\Two.h">
      <Filter>Header Files\Card Ranks</Filter>
    </ClInclude>
    <ClInclude Include="CardRanks\Valet.h">
      <Filter>Header Files\Card Ranks</Filter>
    </ClInclude>
    <ClInclude Include="Helpers\WindowsBenchmarking.h">
      <Filter>Header Files\Helpers</Filter>
    </ClInclude>
    <ClInclude Include="Helpers\Validity.h">
      <Filter>Header Files\Helpers</Filter>
    </ClInclude>
    <ClInclude Include="Players\Player.h">
      <Filter>Header Files</Filter>
    </ClInclude>
    <ClInclude Include="Players\PlayerInfo.h">
      <Filter>Header Files\Players</Filter>
    </ClInclude>
    <ClInclude Include="Helpers\CardToString.h">
      <Filter>Header Files</Filter>
    </ClInclude>
  </ItemGroup>
</Project>